
Microsoft Visual Studio Solution File, Format Version 12.00
# Visual Studio Version 16
VisualStudioVersion = 16.0.30114.105
MinimumVisualStudioVersion = 10.0.40219.1
Project("{FAE04EC0-301F-11D3-BF4B-00C04F79EFBC}") = "AppCons_test", "AppCons_test\AppCons_test.csproj", "{DF03AB08-E71B-4EBC-A2B7-AC847BDAABFC}"
EndProject
Global
	GlobalSection(SolutionConfigurationPlatforms) = preSolution
		Debug|Any CPU = Debug|Any CPU
		Release|Any CPU = Release|Any CPU
	EndGlobalSection
	GlobalSection(ProjectConfigurationPlatforms) = postSolution
		{DF03AB08-E71B-4EBC-A2B7-AC847BDAABFC}.Debug|Any CPU.ActiveCfg = Debug|Any CPU
		{DF03AB08-E71B-4EBC-A2B7-AC847BDAABFC}.Debug|Any CPU.Build.0 = Debug|Any CPU
		{DF03AB08-E71B-4EBC-A2B7-AC847BDAABFC}.Release|Any CPU.ActiveCfg = Release|Any CPU
		{DF03AB08-E71B-4EBC-A2B7-AC847BDAABFC}.Release|Any CPU.Build.0 = Release|Any CPU
	EndGlobalSection
	GlobalSection(SolutionProperties) = preSolution
		HideSolutionNode = FALSE
	EndGlobalSection
	GlobalSection(ExtensibilityGlobals) = postSolution
		SolutionGuid = {947701C3-108C-4829-A86A-412D95B7D685}
	EndGlobalSection
EndGlobal
